
Microsoft Visual Studio Solution File, Format Version 12.00
# Visual Studio Version 16
VisualStudioVersion = 16.0.29519.87
MinimumVisualStudioVersion = 10.0.40219.1
Project("{FAE04EC0-301F-11D3-BF4B-00C04F79EFBC}") = "DateExercise", "HomeworkWeek3\DateExercise.csproj", "{1C6F0C27-8C12-48CB-B341-968A5498E1D3}"
EndProject
Project("{FAE04EC0-301F-11D3-BF4B-00C04F79EFBC}") = "StringExercise", "Exercise2\StringExercise.csproj", "{A25FAB2A-CAEB-4DDC-84A5-49BC96982A67}"
EndProject
Global
	GlobalSection(SolutionConfigurationPlatforms) = preSolution
		Debug|Any CPU = Debug|Any CPU
		Release|Any CPU = Release|Any CPU
	EndGlobalSection
	GlobalSection(ProjectConfigurationPlatforms) = postSolution
		{1C6F0C27-8C12-48CB-B341-968A5498E1D3}.Debug|Any CPU.ActiveCfg = Debug|Any CPU
		{1C6F0C27-8C12-48CB-B341-968A5498E1D3}.Debug|Any CPU.Build.0 = Debug|Any CPU
		{1C6F0C27-8C12-48CB-B341-968A5498E1D3}.Release|Any CPU.ActiveCfg = Release|Any CPU
		{1C6F0C27-8C12-48CB-B341-968A5498E1D3}.Release|Any CPU.Build.0 = Release|Any CPU
		{A25FAB2A-CAEB-4DDC-84A5-49BC96982A67}.Debug|Any CPU.ActiveCfg = Debug|Any CPU
		{A25FAB2A-CAEB-4DDC-84A5-49BC96982A67}.Debug|Any CPU.Build.0 = Debug|Any CPU
		{A25FAB2A-CAEB-4DDC-84A5-49BC96982A67}.Release|Any CPU.ActiveCfg = Release|Any CPU
		{A25FAB2A-CAEB-4DDC-84A5-49BC96982A67}.Release|Any CPU.Build.0 = Release|Any CPU
	EndGlobalSection
	GlobalSection(SolutionProperties) = preSolution
		HideSolutionNode = FALSE
	EndGlobalSection
	GlobalSection(ExtensibilityGlobals) = postSolution
		SolutionGuid = {32B4157F-82CD-43F7-87F7-EB570EB1033F}
	EndGlobalSection
EndGlobal
